
Microsoft Visual Studio Solution File, Format Version 12.00
# Visual Studio Version 16
VisualStudioVersion = 16.0.31515.178
MinimumVisualStudioVersion = 10.0.40219.1
Project("{C9674DCB-5085-4A16-B785-4C70DD1589BD}") = "Amanda_To_GIS", "Amanda_To_GIS\Amanda_To_GIS.dtproj", "{51058AE4-D69C-4A70-B96C-7FB8F542E391}"
EndProject
Global
	GlobalSection(SolutionConfigurationPlatforms) = preSolution
		Development|Default = Development|Default
	EndGlobalSection
	GlobalSection(ProjectConfigurationPlatforms) = postSolution
		{51058AE4-D69C-4A70-B96C-7FB8F542E391}.Development|Default.ActiveCfg = Development
		{51058AE4-D69C-4A70-B96C-7FB8F542E391}.Development|Default.Build.0 = Development
	EndGlobalSection
	GlobalSection(SolutionProperties) = preSolution
		HideSolutionNode = FALSE
	EndGlobalSection
	GlobalSection(ExtensibilityGlobals) = postSolution
		SolutionGuid = {33689B16-B04E-4B5E-BF89-05062A67A755}
	EndGlobalSection
EndGlobal
